
Microsoft Visual Studio Solution File, Format Version 10.00
# Visual Studio 2008
Project("{2150E333-8FDC-42A3-9474-1A3956D46DE8}") = "Solution Items", "Solution Items", "{64B8AAE3-DCCA-4046-8088-D85CBA303F9E}"
	ProjectSection(SolutionItems) = preProject
		..\..\..\MonoRail\default.proj = ..\..\..\MonoRail\default.proj
		..\README = ..\README
	EndProjectSection
EndProject
Project("{2150E333-8FDC-42A3-9474-1A3956D46DE8}") = "Templates", "Templates", "{44A74B80-66D0-4474-A68B-A2FFC111E0E0}"
EndProject
Global
	GlobalSection(SolutionProperties) = preSolution
		HideSolutionNode = FALSE
	EndGlobalSection
EndGlobal
